
Microsoft Visual Studio Solution File, Format Version 12.00
# Visual Studio Version 17
VisualStudioVersion = 17.2.32526.322
MinimumVisualStudioVersion = 10.0.40219.1
Project("{F184B08F-C81C-45F6-A57F-5ABD9991F28F}") = "Preguntas", "Preguntas\Preguntas.vbproj", "{F3501910-0744-4854-9FFD-B6A40FA3F562}"
EndProject
Global
	GlobalSection(SolutionConfigurationPlatforms) = preSolution
		Debug|Any CPU = Debug|Any CPU
		Release|Any CPU = Release|Any CPU
	EndGlobalSection
	GlobalSection(ProjectConfigurationPlatforms) = postSolution
		{F3501910-0744-4854-9FFD-B6A40FA3F562}.Debug|Any CPU.ActiveCfg = Debug|Any CPU
		{F3501910-0744-4854-9FFD-B6A40FA3F562}.Debug|Any CPU.Build.0 = Debug|Any CPU
		{F3501910-0744-4854-9FFD-B6A40FA3F562}.Release|Any CPU.ActiveCfg = Release|Any CPU
		{F3501910-0744-4854-9FFD-B6A40FA3F562}.Release|Any CPU.Build.0 = Release|Any CPU
	EndGlobalSection
	GlobalSection(SolutionProperties) = preSolution
		HideSolutionNode = FALSE
	EndGlobalSection
	GlobalSection(ExtensibilityGlobals) = postSolution
		SolutionGuid = {834CEDAE-496C-4B5D-9348-1344E2E2599E}
	EndGlobalSection
EndGlobal
